
Microsoft Visual Studio Solution File, Format Version 12.00
# Visual Studio 15
VisualStudioVersion = 15.0.26730.16
MinimumVisualStudioVersion = 10.0.40219.1
Project("{9A19103F-16F7-4668-BE54-9A1E7A4F7556}") = "Online-Bestellsystem", "Online-Bestellsystem\Online-Bestellsystem.csproj", "{0E025E86-1737-4DE0-B453-3D479BA0D626}"
EndProject
Project("{FAE04EC0-301F-11D3-BF4B-00C04F79EFBC}") = "Database", "Database\Database.csproj", "{A5E984C5-0231-4395-B273-FCF9BD7323E2}"
EndProject
Global
	GlobalSection(SolutionConfigurationPlatforms) = preSolution
		Debug|Any CPU = Debug|Any CPU
		Release|Any CPU = Release|Any CPU
	EndGlobalSection
	GlobalSection(ProjectConfigurationPlatforms) = postSolution
		{0E025E86-1737-4DE0-B453-3D479BA0D626}.Debug|Any CPU.ActiveCfg = Debug|Any CPU
		{0E025E86-1737-4DE0-B453-3D479BA0D626}.Debug|Any CPU.Build.0 = Debug|Any CPU
		{0E025E86-1737-4DE0-B453-3D479BA0D626}.Release|Any CPU.ActiveCfg = Release|Any CPU
		{0E025E86-1737-4DE0-B453-3D479BA0D626}.Release|Any CPU.Build.0 = Release|Any CPU
		{A5E984C5-0231-4395-B273-FCF9BD7323E2}.Debug|Any CPU.ActiveCfg = Debug|Any CPU
		{A5E984C5-0231-4395-B273-FCF9BD7323E2}.Debug|Any CPU.Build.0 = Debug|Any CPU
		{A5E984C5-0231-4395-B273-FCF9BD7323E2}.Release|Any CPU.ActiveCfg = Release|Any CPU
		{A5E984C5-0231-4395-B273-FCF9BD7323E2}.Release|Any CPU.Build.0 = Release|Any CPU
	EndGlobalSection
	GlobalSection(SolutionProperties) = preSolution
		HideSolutionNode = FALSE
	EndGlobalSection
	GlobalSection(ExtensibilityGlobals) = postSolution
		SolutionGuid = {1606DDF9-B282-4603-9439-EE4E358CF97E}
	EndGlobalSection
EndGlobal
